// !$*UTF8*$!
{
	archiveVersion = 1;
	classes = {
	};
	objectVersion = 46;
	objects = {

/* Begin PBXBuildFile section */
		1422D02D1571CDFC00478932 /* Province.m in Sources */ = {isa = PBXBuildFile; fileRef = 1422D02C1571CDFC00478932 /* Province.m */; };
		1422D0301571D05D00478932 /* IpInfo.m in Sources */ = {isa = PBXBuildFile; fileRef = 1422D02F1571D05D00478932 /* IpInfo.m */; };
		1422D0351571DB8400478932 /* SystemConfiguration.framework in Frameworks */ = {isa = PBXBuildFile; fileRef = 1422D0341571DB8400478932 /* SystemConfiguration.framework */; };
		1425155515BD000400607974 /* CoreLocation.framework in Frameworks */ = {isa = PBXBuildFile; fileRef = 1425155115BCFA9300607974 /* CoreLocation.framework */; };
		1425155C15BD1C3F00607974 /* icon.png in Resources */ = {isa = PBXBuildFile; fileRef = 1425155A15BD1C3F00607974 /* icon.png */; };
		1425155D15BD1C3F00607974 /* icon@2x.png in Resources */ = {isa = PBXBuildFile; fileRef = 1425155B15BD1C3F00607974 /* icon@2x.png */; };
		1425156015BD3CD400607974 /* HomeMapController.m in Sources */ = {isa = PBXBuildFile; fileRef = 1425155F15BD3CD400607974 /* HomeMapController.m */; };
		1425156315BD40A100607974 /* BaseController.m in Sources */ = {isa = PBXBuildFile; fileRef = 1425156215BD40A100607974 /* BaseController.m */; };
		1425156515BD41FC00607974 /* MapKit.framework in Frameworks */ = {isa = PBXBuildFile; fileRef = 1425156415BD41FC00607974 /* MapKit.framework */; };
		1453A55215BFC97800209D47 /* BoreController.m in Sources */ = {isa = PBXBuildFile; fileRef = 1453A55115BFC97800209D47 /* BoreController.m */; };
		1453A55515BFD0A900209D47 /* AboutController.m in Sources */ = {isa = PBXBuildFile; fileRef = 1453A55415BFD0A900209D47 /* AboutController.m */; };
		1453A55E15BFDCB300209D47 /* about.png in Resources */ = {isa = PBXBuildFile; fileRef = 1453A55D15BFDCB300209D47 /* about.png */; };
		1453A56215BFE1FE00209D47 /* earth.png in Resources */ = {isa = PBXBuildFile; fileRef = 1453A56115BFE1FE00209D47 /* earth.png */; };
		1464733515AC7D2300037F09 /* CFNetwork.framework in Frameworks */ = {isa = PBXBuildFile; fileRef = 1464733415AC7D2300037F09 /* CFNetwork.framework */; };
		1464733715AC7D3F00037F09 /* Security.framework in Frameworks */ = {isa = PBXBuildFile; fileRef = 1464733615AC7D3F00037F09 /* Security.framework */; };
		147A6CA415AFCCD200B2F4D5 /* DidaNetWorkEngine.m in Sources */ = {isa = PBXBuildFile; fileRef = 147A6CA315AFCCD200B2F4D5 /* DidaNetWorkEngine.m */; };
		147A6CB915AFCF4A00B2F4D5 /* MKNetworkEngine.m in Sources */ = {isa = PBXBuildFile; fileRef = 147A6CB215AFCF4A00B2F4D5 /* MKNetworkEngine.m */; settings = {COMPILER_FLAGS = "-fobjc-arc"; }; };
		147A6CBA15AFCF4A00B2F4D5 /* MKNetworkOperation.m in Sources */ = {isa = PBXBuildFile; fileRef = 147A6CB515AFCF4A00B2F4D5 /* MKNetworkOperation.m */; settings = {COMPILER_FLAGS = "-fobjc-arc"; }; };
		147A6CBB15AFCF4A00B2F4D5 /* Reachability.m in Sources */ = {isa = PBXBuildFile; fileRef = 147A6CB815AFCF4A00B2F4D5 /* Reachability.m */; };
		147A6CC715AFCF6500B2F4D5 /* NSData+Base64.m in Sources */ = {isa = PBXBuildFile; fileRef = 147A6CBE15AFCF6500B2F4D5 /* NSData+Base64.m */; settings = {COMPILER_FLAGS = "-fobjc-arc"; }; };
		147A6CC815AFCF6500B2F4D5 /* NSDate+RFC1123.m in Sources */ = {isa = PBXBuildFile; fileRef = 147A6CC015AFCF6500B2F4D5 /* NSDate+RFC1123.m */; };
		147A6CC915AFCF6500B2F4D5 /* NSDictionary+RequestEncoding.m in Sources */ = {isa = PBXBuildFile; fileRef = 147A6CC215AFCF6500B2F4D5 /* NSDictionary+RequestEncoding.m */; };
		147A6CCA15AFCF6500B2F4D5 /* NSString+MKNetworkKitAdditions.m in Sources */ = {isa = PBXBuildFile; fileRef = 147A6CC415AFCF6500B2F4D5 /* NSString+MKNetworkKitAdditions.m */; };
		147A6CCB15AFCF6500B2F4D5 /* UIAlertView+MKNetworkKitAdditions.m in Sources */ = {isa = PBXBuildFile; fileRef = 147A6CC615AFCF6500B2F4D5 /* UIAlertView+MKNetworkKitAdditions.m */; };
		147A6CD315AFE1D100B2F4D5 /* DeviceMsg.m in Sources */ = {isa = PBXBuildFile; fileRef = 147A6CD215AFE1D100B2F4D5 /* DeviceMsg.m */; };
		14AA475D155B665A009324FD /* UIKit.framework in Frameworks */ = {isa = PBXBuildFile; fileRef = 14AA475C155B665A009324FD /* UIKit.framework */; };
		14AA475F155B665A009324FD /* Foundation.framework in Frameworks */ = {isa = PBXBuildFile; fileRef = 14AA475E155B665A009324FD /* Foundation.framework */; };
		14AA4761155B665A009324FD /* CoreGraphics.framework in Frameworks */ = {isa = PBXBuildFile; fileRef = 14AA4760155B665A009324FD /* CoreGraphics.framework */; };
		14AA4767155B665A009324FD /* InfoPlist.strings in Resources */ = {isa = PBXBuildFile; fileRef = 14AA4765155B665A009324FD /* InfoPlist.strings */; };
		14AA4769155B665A009324FD /* main.m in Sources */ = {isa = PBXBuildFile; fileRef = 14AA4768155B665A009324FD /* main.m */; };
		14AA476D155B665A009324FD /* DidaAppDelegate.m in Sources */ = {isa = PBXBuildFile; fileRef = 14AA476C155B665A009324FD /* DidaAppDelegate.m */; };
		14AA4773155B665A009324FD /* DidaViewController.m in Sources */ = {isa = PBXBuildFile; fileRef = 14AA4772155B665A009324FD /* DidaViewController.m */; };
		14AA47A4155B6A9D009324FD /* JSONKit.m in Sources */ = {isa = PBXBuildFile; fileRef = 14AA47A3155B6A9D009324FD /* JSONKit.m */; settings = {COMPILER_FLAGS = "-fno-objc-arc"; }; };
		14F6390515B40895002D5198 /* MBProgressHUD.m in Sources */ = {isa = PBXBuildFile; fileRef = 14F6390415B40895002D5198 /* MBProgressHUD.m */; settings = {COMPILER_FLAGS = "-fno-objc-arc"; }; };
/* End PBXBuildFile section */

/* Begin PBXFileReference section */
		1422D02B1571CDFC00478932 /* Province.h */ = {isa = PBXFileReference; fileEncoding = 4; lastKnownFileType = sourcecode.c.h; path = Province.h; sourceTree = "<group>"; };
		1422D02C1571CDFC00478932 /* Province.m */ = {isa = PBXFileReference; fileEncoding = 4; lastKnownFileType = sourcecode.c.objc; path = Province.m; sourceTree = "<group>"; };
		1422D02E1571D05D00478932 /* IpInfo.h */ = {isa = PBXFileReference; fileEncoding = 4; lastKnownFileType = sourcecode.c.h; path = IpInfo.h; sourceTree = "<group>"; };
		1422D02F1571D05D00478932 /* IpInfo.m */ = {isa = PBXFileReference; fileEncoding = 4; lastKnownFileType = sourcecode.c.objc; path = IpInfo.m; sourceTree = "<group>"; };
		1422D0341571DB8400478932 /* SystemConfiguration.framework */ = {isa = PBXFileReference; lastKnownFileType = wrapper.framework; name = SystemConfiguration.framework; path = System/Library/Frameworks/SystemConfiguration.framework; sourceTree = SDKROOT; };
		1425155115BCFA9300607974 /* CoreLocation.framework */ = {isa = PBXFileReference; lastKnownFileType = wrapper.framework; name = CoreLocation.framework; path = System/Library/Frameworks/CoreLocation.framework; sourceTree = SDKROOT; };
		1425155415BCFF0700607974 /* ArcHelper.h */ = {isa = PBXFileReference; fileEncoding = 4; lastKnownFileType = sourcecode.c.h; path = ArcHelper.h; sourceTree = "<group>"; };
		1425155A15BD1C3F00607974 /* icon.png */ = {isa = PBXFileReference; lastKnownFileType = image.png; path = icon.png; sourceTree = "<group>"; };
		1425155B15BD1C3F00607974 /* icon@2x.png */ = {isa = PBXFileReference; lastKnownFileType = image.png; path = "icon@2x.png"; sourceTree = "<group>"; };
		1425155E15BD3CD400607974 /* HomeMapController.h */ = {isa = PBXFileReference; fileEncoding = 4; lastKnownFileType = sourcecode.c.h; path = HomeMapController.h; sourceTree = "<group>"; };
		1425155F15BD3CD400607974 /* HomeMapController.m */ = {isa = PBXFileReference; fileEncoding = 4; lastKnownFileType = sourcecode.c.objc; path = HomeMapController.m; sourceTree = "<group>"; };
		1425156115BD40A100607974 /* BaseController.h */ = {isa = PBXFileReference; fileEncoding = 4; lastKnownFileType = sourcecode.c.h; path = BaseController.h; sourceTree = "<group>"; };
		1425156215BD40A100607974 /* BaseController.m */ = {isa = PBXFileReference; fileEncoding = 4; lastKnownFileType = sourcecode.c.objc; path = BaseController.m; sourceTree = "<group>"; };
		1425156415BD41FC00607974 /* MapKit.framework */ = {isa = PBXFileReference; lastKnownFileType = wrapper.framework; name = MapKit.framework; path = System/Library/Frameworks/MapKit.framework; sourceTree = SDKROOT; };
		143394ED15B65FBC00C3626A /* cmoon-Info.plist */ = {isa = PBXFileReference; lastKnownFileType = text.plist.xml; path = "cmoon-Info.plist"; sourceTree = "<group>"; };
		1453A55015BFC97800209D47 /* BoreController.h */ = {isa = PBXFileReference; fileEncoding = 4; lastKnownFileType = sourcecode.c.h; path = BoreController.h; sourceTree = "<group>"; };
		1453A55115BFC97800209D47 /* BoreController.m */ = {isa = PBXFileReference; fileEncoding = 4; lastKnownFileType = sourcecode.c.objc; path = BoreController.m; sourceTree = "<group>"; };
		1453A55315BFD0A900209D47 /* AboutController.h */ = {isa = PBXFileReference; fileEncoding = 4; lastKnownFileType = sourcecode.c.h; path = AboutController.h; sourceTree = "<group>"; };
		1453A55415BFD0A900209D47 /* AboutController.m */ = {isa = PBXFileReference; fileEncoding = 4; lastKnownFileType = sourcecode.c.objc; path = AboutController.m; sourceTree = "<group>"; };
		1453A55D15BFDCB300209D47 /* about.png */ = {isa = PBXFileReference; lastKnownFileType = image.png; path = about.png; sourceTree = "<group>"; };
		1453A56115BFE1FE00209D47 /* earth.png */ = {isa = PBXFileReference; lastKnownFileType = image.png; path = earth.png; sourceTree = "<group>"; };
		1464733415AC7D2300037F09 /* CFNetwork.framework */ = {isa = PBXFileReference; lastKnownFileType = wrapper.framework; name = CFNetwork.framework; path = System/Library/Frameworks/CFNetwork.framework; sourceTree = SDKROOT; };
		1464733615AC7D3F00037F09 /* Security.framework */ = {isa = PBXFileReference; lastKnownFileType = wrapper.framework; name = Security.framework; path = System/Library/Frameworks/Security.framework; sourceTree = SDKROOT; };
		147A6CA215AFCCD200B2F4D5 /* DidaNetWorkEngine.h */ = {isa = PBXFileReference; fileEncoding = 4; lastKnownFileType = sourcecode.c.h; name = DidaNetWorkEngine.h; path = core/DidaNetWorkEngine.h; sourceTree = "<group>"; };
		147A6CA315AFCCD200B2F4D5 /* DidaNetWorkEngine.m */ = {isa = PBXFileReference; fileEncoding = 4; lastKnownFileType = sourcecode.c.objc; name = DidaNetWorkEngine.m; path = core/DidaNetWorkEngine.m; sourceTree = "<group>"; };
		147A6CB115AFCF4A00B2F4D5 /* MKNetworkEngine.h */ = {isa = PBXFileReference; fileEncoding = 4; lastKnownFileType = sourcecode.c.h; path = MKNetworkEngine.h; sourceTree = "<group>"; };
		147A6CB215AFCF4A00B2F4D5 /* MKNetworkEngine.m */ = {isa = PBXFileReference; fileEncoding = 4; lastKnownFileType = sourcecode.c.objc; path = MKNetworkEngine.m; sourceTree = "<group>"; };
		147A6CB315AFCF4A00B2F4D5 /* MKNetworkKit.h */ = {isa = PBXFileReference; fileEncoding = 4; lastKnownFileType = sourcecode.c.h; path = MKNetworkKit.h; sourceTree = "<group>"; };
		147A6CB415AFCF4A00B2F4D5 /* MKNetworkOperation.h */ = {isa = PBXFileReference; fileEncoding = 4; lastKnownFileType = sourcecode.c.h; path = MKNetworkOperation.h; sourceTree = "<group>"; };
		147A6CB515AFCF4A00B2F4D5 /* MKNetworkOperation.m */ = {isa = PBXFileReference; fileEncoding = 4; lastKnownFileType = sourcecode.c.objc; path = MKNetworkOperation.m; sourceTree = "<group>"; };
		147A6CB715AFCF4A00B2F4D5 /* Reachability.h */ = {isa = PBXFileReference; fileEncoding = 4; lastKnownFileType = sourcecode.c.h; path = Reachability.h; sourceTree = "<group>"; };
		147A6CB815AFCF4A00B2F4D5 /* Reachability.m */ = {isa = PBXFileReference; fileEncoding = 4; lastKnownFileType = sourcecode.c.objc; path = Reachability.m; sourceTree = "<group>"; };
		147A6CBD15AFCF6500B2F4D5 /* NSData+Base64.h */ = {isa = PBXFileReference; fileEncoding = 4; lastKnownFileType = sourcecode.c.h; path = "NSData+Base64.h"; sourceTree = "<group>"; };
		147A6CBE15AFCF6500B2F4D5 /* NSData+Base64.m */ = {isa = PBXFileReference; fileEncoding = 4; lastKnownFileType = sourcecode.c.objc; path = "NSData+Base64.m"; sourceTree = "<group>"; };
		147A6CBF15AFCF6500B2F4D5 /* NSDate+RFC1123.h */ = {isa = PBXFileReference; fileEncoding = 4; lastKnownFileType = sourcecode.c.h; path = "NSDate+RFC1123.h"; sourceTree = "<group>"; };
		147A6CC015AFCF6500B2F4D5 /* NSDate+RFC1123.m */ = {isa = PBXFileReference; fileEncoding = 4; lastKnownFileType = sourcecode.c.objc; path = "NSDate+RFC1123.m"; sourceTree = "<group>"; };
		147A6CC115AFCF6500B2F4D5 /* NSDictionary+RequestEncoding.h */ = {isa = PBXFileReference; fileEncoding = 4; lastKnownFileType = sourcecode.c.h; path = "NSDictionary+RequestEncoding.h"; sourceTree = "<group>"; };
		147A6CC215AFCF6500B2F4D5 /* NSDictionary+RequestEncoding.m */ = {isa = PBXFileReference; fileEncoding = 4; lastKnownFileType = sourcecode.c.objc; path = "NSDictionary+RequestEncoding.m"; sourceTree = "<group>"; };
		147A6CC315AFCF6500B2F4D5 /* NSString+MKNetworkKitAdditions.h */ = {isa = PBXFileReference; fileEncoding = 4; lastKnownFileType = sourcecode.c.h; path = "NSString+MKNetworkKitAdditions.h"; sourceTree = "<group>"; };
		147A6CC415AFCF6500B2F4D5 /* NSString+MKNetworkKitAdditions.m */ = {isa = PBXFileReference; fileEncoding = 4; lastKnownFileType = sourcecode.c.objc; path = "NSString+MKNetworkKitAdditions.m"; sourceTree = "<group>"; };
		147A6CC515AFCF6500B2F4D5 /* UIAlertView+MKNetworkKitAdditions.h */ = {isa = PBXFileReference; fileEncoding = 4; lastKnownFileType = sourcecode.c.h; path = "UIAlertView+MKNetworkKitAdditions.h"; sourceTree = "<group>"; };
		147A6CC615AFCF6500B2F4D5 /* UIAlertView+MKNetworkKitAdditions.m */ = {isa = PBXFileReference; fileEncoding = 4; lastKnownFileType = sourcecode.c.objc; path = "UIAlertView+MKNetworkKitAdditions.m"; sourceTree = "<group>"; };
		147A6CCE15AFE0EB00B2F4D5 /* CommomDefine.h */ = {isa = PBXFileReference; fileEncoding = 4; lastKnownFileType = sourcecode.c.h; path = CommomDefine.h; sourceTree = "<group>"; };
		147A6CD115AFE1D100B2F4D5 /* DeviceMsg.h */ = {isa = PBXFileReference; fileEncoding = 4; lastKnownFileType = sourcecode.c.h; path = DeviceMsg.h; sourceTree = "<group>"; };
		147A6CD215AFE1D100B2F4D5 /* DeviceMsg.m */ = {isa = PBXFileReference; fileEncoding = 4; lastKnownFileType = sourcecode.c.objc; path = DeviceMsg.m; sourceTree = "<group>"; };
		14AA4758155B665A009324FD /* cmoon.app */ = {isa = PBXFileReference; explicitFileType = wrapper.application; includeInIndex = 0; path = cmoon.app; sourceTree = BUILT_PRODUCTS_DIR; };
		14AA475C155B665A009324FD /* UIKit.framework */ = {isa = PBXFileReference; lastKnownFileType = wrapper.framework; name = UIKit.framework; path = System/Library/Frameworks/UIKit.framework; sourceTree = SDKROOT; };
		14AA475E155B665A009324FD /* Foundation.framework */ = {isa = PBXFileReference; lastKnownFileType = wrapper.framework; name = Foundation.framework; path = System/Library/Frameworks/Foundation.framework; sourceTree = SDKROOT; };
		14AA4760155B665A009324FD /* CoreGraphics.framework */ = {isa = PBXFileReference; lastKnownFileType = wrapper.framework; name = CoreGraphics.framework; path = System/Library/Frameworks/CoreGraphics.framework; sourceTree = SDKROOT; };
		14AA4766155B665A009324FD /* en */ = {isa = PBXFileReference; lastKnownFileType = text.plist.strings; name = en; path = en.lproj/InfoPlist.strings; sourceTree = "<group>"; };
		14AA4768155B665A009324FD /* main.m */ = {isa = PBXFileReference; lastKnownFileType = sourcecode.c.objc; path = main.m; sourceTree = "<group>"; };
		14AA476A155B665A009324FD /* cmoon-Prefix.pch */ = {isa = PBXFileReference; lastKnownFileType = sourcecode.c.h; path = "cmoon-Prefix.pch"; sourceTree = "<group>"; };
		14AA476B155B665A009324FD /* DidaAppDelegate.h */ = {isa = PBXFileReference; lastKnownFileType = sourcecode.c.h; path = DidaAppDelegate.h; sourceTree = "<group>"; };
		14AA476C155B665A009324FD /* DidaAppDelegate.m */ = {isa = PBXFileReference; lastKnownFileType = sourcecode.c.objc; path = DidaAppDelegate.m; sourceTree = "<group>"; };
		14AA4771155B665A009324FD /* DidaViewController.h */ = {isa = PBXFileReference; lastKnownFileType = sourcecode.c.h; name = DidaViewController.h; path = cmoon/DidaViewController.h; sourceTree = "<group>"; };
		14AA4772155B665A009324FD /* DidaViewController.m */ = {isa = PBXFileReference; lastKnownFileType = sourcecode.c.objc; name = DidaViewController.m; path = cmoon/DidaViewController.m; sourceTree = "<group>"; };
		14AA47A2155B6A9D009324FD /* JSONKit.h */ = {isa = PBXFileReference; fileEncoding = 4; lastKnownFileType = sourcecode.c.h; path = JSONKit.h; sourceTree = "<group>"; };
		14AA47A3155B6A9D009324FD /* JSONKit.m */ = {isa = PBXFileReference; fileEncoding = 4; lastKnownFileType = sourcecode.c.objc; path = JSONKit.m; sourceTree = "<group>"; };
		14F6390315B40895002D5198 /* MBProgressHUD.h */ = {isa = PBXFileReference; fileEncoding = 4; lastKnownFileType = sourcecode.c.h; path = MBProgressHUD.h; sourceTree = "<group>"; };
		14F6390415B40895002D5198 /* MBProgressHUD.m */ = {isa = PBXFileReference; fileEncoding = 4; lastKnownFileType = sourcecode.c.objc; path = MBProgressHUD.m; sourceTree = "<group>"; };
/* End PBXFileReference section */

/* Begin PBXFrameworksBuildPhase section */
		14AA4755155B665A009324FD /* Frameworks */ = {
			isa = PBXFrameworksBuildPhase;
			buildActionMask = 2147483647;
			files = (
				1425156515BD41FC00607974 /* MapKit.framework in Frameworks */,
				1425155515BD000400607974 /* CoreLocation.framework in Frameworks */,
				1464733715AC7D3F00037F09 /* Security.framework in Frameworks */,
				1464733515AC7D2300037F09 /* CFNetwork.framework in Frameworks */,
				1422D0351571DB8400478932 /* SystemConfiguration.framework in Frameworks */,
				14AA475D155B665A009324FD /* UIKit.framework in Frameworks */,
				14AA475F155B665A009324FD /* Foundation.framework in Frameworks */,
				14AA4761155B665A009324FD /* CoreGraphics.framework in Frameworks */,
			);
			runOnlyForDeploymentPostprocessing = 0;
		};
/* End PBXFrameworksBuildPhase section */

/* Begin PBXGroup section */
		1422D0291571CDC600478932 /* model */ = {
			isa = PBXGroup;
			children = (
				1422D02B1571CDFC00478932 /* Province.h */,
				1422D02C1571CDFC00478932 /* Province.m */,
				1422D02E1571D05D00478932 /* IpInfo.h */,
				1422D02F1571D05D00478932 /* IpInfo.m */,
			);
			name = model;
			sourceTree = "<group>";
		};
		147A6CA515AFCEE900B2F4D5 /* MKNetworkKit */ = {
			isa = PBXGroup;
			children = (
				147A6CBC15AFCF6500B2F4D5 /* Categories */,
				147A6CB115AFCF4A00B2F4D5 /* MKNetworkEngine.h */,
				147A6CB215AFCF4A00B2F4D5 /* MKNetworkEngine.m */,
				147A6CB315AFCF4A00B2F4D5 /* MKNetworkKit.h */,
				147A6CB415AFCF4A00B2F4D5 /* MKNetworkOperation.h */,
				147A6CB515AFCF4A00B2F4D5 /* MKNetworkOperation.m */,
				147A6CB615AFCF4A00B2F4D5 /* Reachability */,
			);
			name = MKNetworkKit;
			sourceTree = "<group>";
		};
		147A6CB615AFCF4A00B2F4D5 /* Reachability */ = {
			isa = PBXGroup;
			children = (
				147A6CB715AFCF4A00B2F4D5 /* Reachability.h */,
				147A6CB815AFCF4A00B2F4D5 /* Reachability.m */,
			);
			path = Reachability;
			sourceTree = "<group>";
		};
		147A6CBC15AFCF6500B2F4D5 /* Categories */ = {
			isa = PBXGroup;
			children = (
				147A6CBD15AFCF6500B2F4D5 /* NSData+Base64.h */,
				147A6CBE15AFCF6500B2F4D5 /* NSData+Base64.m */,
				147A6CBF15AFCF6500B2F4D5 /* NSDate+RFC1123.h */,
				147A6CC015AFCF6500B2F4D5 /* NSDate+RFC1123.m */,
				147A6CC115AFCF6500B2F4D5 /* NSDictionary+RequestEncoding.h */,
				147A6CC215AFCF6500B2F4D5 /* NSDictionary+RequestEncoding.m */,
				147A6CC315AFCF6500B2F4D5 /* NSString+MKNetworkKitAdditions.h */,
				147A6CC415AFCF6500B2F4D5 /* NSString+MKNetworkKitAdditions.m */,
				147A6CC515AFCF6500B2F4D5 /* UIAlertView+MKNetworkKitAdditions.h */,
				147A6CC615AFCF6500B2F4D5 /* UIAlertView+MKNetworkKitAdditions.m */,
			);
			path = Categories;
			sourceTree = "<group>";
		};
		14AA474D155B665A009324FD = {
			isa = PBXGroup;
			children = (
				147A6CA515AFCEE900B2F4D5 /* MKNetworkKit */,
				1422D0291571CDC600478932 /* model */,
				14AA47A1155B6A81009324FD /* thirdpart */,
				14AA477F155B67D3009324FD /* core */,
				14AA477A155B6750009324FD /* ui */,
				14AA4779155B673D009324FD /* resources */,
				14AA4762155B665A009324FD /* cmoon */,
				14AA475B155B665A009324FD /* Frameworks */,
				14AA4759155B665A009324FD /* Products */,
			);
			sourceTree = "<group>";
		};
		14AA4759155B665A009324FD /* Products */ = {
			isa = PBXGroup;
			children = (
				14AA4758155B665A009324FD /* cmoon.app */,
			);
			name = Products;
			sourceTree = "<group>";
		};
		14AA475B155B665A009324FD /* Frameworks */ = {
			isa = PBXGroup;
			children = (
				1425156415BD41FC00607974 /* MapKit.framework */,
				1425155115BCFA9300607974 /* CoreLocation.framework */,
				1464733615AC7D3F00037F09 /* Security.framework */,
				1464733415AC7D2300037F09 /* CFNetwork.framework */,
				1422D0341571DB8400478932 /* SystemConfiguration.framework */,
				14AA475C155B665A009324FD /* UIKit.framework */,
				14AA475E155B665A009324FD /* Foundation.framework */,
				14AA4760155B665A009324FD /* CoreGraphics.framework */,
			);
			name = Frameworks;
			sourceTree = "<group>";
		};
		14AA4762155B665A009324FD /* cmoon */ = {
			isa = PBXGroup;
			children = (
				14AA476B155B665A009324FD /* DidaAppDelegate.h */,
				14AA476C155B665A009324FD /* DidaAppDelegate.m */,
				14AA4763155B665A009324FD /* Supporting Files */,
			);
			path = cmoon;
			sourceTree = "<group>";
		};
		14AA4763155B665A009324FD /* Supporting Files */ = {
			isa = PBXGroup;
			children = (
				143394ED15B65FBC00C3626A /* cmoon-Info.plist */,
				14AA4765155B665A009324FD /* InfoPlist.strings */,
				14AA4768155B665A009324FD /* main.m */,
				14AA476A155B665A009324FD /* cmoon-Prefix.pch */,
			);
			name = "Supporting Files";
			sourceTree = "<group>";
		};
		14AA4779155B673D009324FD /* resources */ = {
			isa = PBXGroup;
			children = (
				1453A56115BFE1FE00209D47 /* earth.png */,
				1453A55D15BFDCB300209D47 /* about.png */,
				1425155A15BD1C3F00607974 /* icon.png */,
				1425155B15BD1C3F00607974 /* icon@2x.png */,
			);
			name = resources;
			sourceTree = "<group>";
		};
		14AA477A155B6750009324FD /* ui */ = {
			isa = PBXGroup;
			children = (
				14AA4771155B665A009324FD /* DidaViewController.h */,
				14AA4772155B665A009324FD /* DidaViewController.m */,
				1425155E15BD3CD400607974 /* HomeMapController.h */,
				1425155F15BD3CD400607974 /* HomeMapController.m */,
				1425156115BD40A100607974 /* BaseController.h */,
				1425156215BD40A100607974 /* BaseController.m */,
				1453A55015BFC97800209D47 /* BoreController.h */,
				1453A55115BFC97800209D47 /* BoreController.m */,
				1453A55315BFD0A900209D47 /* AboutController.h */,
				1453A55415BFD0A900209D47 /* AboutController.m */,
			);
			name = ui;
			sourceTree = "<group>";
		};
		14AA477F155B67D3009324FD /* core */ = {
			isa = PBXGroup;
			children = (
				147A6CA215AFCCD200B2F4D5 /* DidaNetWorkEngine.h */,
				147A6CA315AFCCD200B2F4D5 /* DidaNetWorkEngine.m */,
				147A6CCE15AFE0EB00B2F4D5 /* CommomDefine.h */,
				147A6CD115AFE1D100B2F4D5 /* DeviceMsg.h */,
				147A6CD215AFE1D100B2F4D5 /* DeviceMsg.m */,
				1425155415BCFF0700607974 /* ArcHelper.h */,
			);
			name = core;
			sourceTree = "<group>";
		};
		14AA47A1155B6A81009324FD /* thirdpart */ = {
			isa = PBXGroup;
			children = (
				14F6390315B40895002D5198 /* MBProgressHUD.h */,
				14F6390415B40895002D5198 /* MBProgressHUD.m */,
				14AA47A2155B6A9D009324FD /* JSONKit.h */,
				14AA47A3155B6A9D009324FD /* JSONKit.m */,
			);
			name = thirdpart;
			sourceTree = "<group>";
		};
/* End PBXGroup section */

/* Begin PBXNativeTarget section */
		14AA4757155B665A009324FD /* cmoon */ = {
			isa = PBXNativeTarget;
			buildConfigurationList = 14AA4776155B665A009324FD /* Build configuration list for PBXNativeTarget "cmoon" */;
			buildPhases = (
				14AA4754155B665A009324FD /* Sources */,
				14AA4755155B665A009324FD /* Frameworks */,
				14AA4756155B665A009324FD /* Resources */,
			);
			buildRules = (
			);
			dependencies = (
			);
			name = cmoon;
			productName = cmoon;
			productReference = 14AA4758155B665A009324FD /* cmoon.app */;
			productType = "com.apple.product-type.application";
		};
/* End PBXNativeTarget section */

/* Begin PBXProject section */
		14AA474F155B665A009324FD /* Project object */ = {
			isa = PBXProject;
			attributes = {
				CLASSPREFIX = Dida;
				LastUpgradeCheck = 0430;
			};
			buildConfigurationList = 14AA4752155B665A009324FD /* Build configuration list for PBXProject "cmoon" */;
			compatibilityVersion = "Xcode 3.2";
			developmentRegion = English;
			hasScannedForEncodings = 0;
			knownRegions = (
				en,
				"zh-Hans",
			);
			mainGroup = 14AA474D155B665A009324FD;
			productRefGroup = 14AA4759155B665A009324FD /* Products */;
			projectDirPath = "";
			projectRoot = "";
			targets = (
				14AA4757155B665A009324FD /* cmoon */,
			);
		};
/* End PBXProject section */

/* Begin PBXResourcesBuildPhase section */
		14AA4756155B665A009324FD /* Resources */ = {
			isa = PBXResourcesBuildPhase;
			buildActionMask = 2147483647;
			files = (
				14AA4767155B665A009324FD /* InfoPlist.strings in Resources */,
				1425155C15BD1C3F00607974 /* icon.png in Resources */,
				1425155D15BD1C3F00607974 /* icon@2x.png in Resources */,
				1453A55E15BFDCB300209D47 /* about.png in Resources */,
				1453A56215BFE1FE00209D47 /* earth.png in Resources */,
			);
			runOnlyForDeploymentPostprocessing = 0;
		};
/* End PBXResourcesBuildPhase section */

/* Begin PBXSourcesBuildPhase section */
		14AA4754155B665A009324FD /* Sources */ = {
			isa = PBXSourcesBuildPhase;
			buildActionMask = 2147483647;
			files = (
				14AA4769155B665A009324FD /* main.m in Sources */,
				14AA476D155B665A009324FD /* DidaAppDelegate.m in Sources */,
				14AA4773155B665A009324FD /* DidaViewController.m in Sources */,
				14AA47A4155B6A9D009324FD /* JSONKit.m in Sources */,
				1422D02D1571CDFC00478932 /* Province.m in Sources */,
				1422D0301571D05D00478932 /* IpInfo.m in Sources */,
				147A6CA415AFCCD200B2F4D5 /* DidaNetWorkEngine.m in Sources */,
				147A6CB915AFCF4A00B2F4D5 /* MKNetworkEngine.m in Sources */,
				147A6CBA15AFCF4A00B2F4D5 /* MKNetworkOperation.m in Sources */,
				147A6CBB15AFCF4A00B2F4D5 /* Reachability.m in Sources */,
				147A6CC715AFCF6500B2F4D5 /* NSData+Base64.m in Sources */,
				147A6CC815AFCF6500B2F4D5 /* NSDate+RFC1123.m in Sources */,
				147A6CC915AFCF6500B2F4D5 /* NSDictionary+RequestEncoding.m in Sources */,
				147A6CCA15AFCF6500B2F4D5 /* NSString+MKNetworkKitAdditions.m in Sources */,
				147A6CCB15AFCF6500B2F4D5 /* UIAlertView+MKNetworkKitAdditions.m in Sources */,
				147A6CD315AFE1D100B2F4D5 /* DeviceMsg.m in Sources */,
				14F6390515B40895002D5198 /* MBProgressHUD.m in Sources */,
				1425156015BD3CD400607974 /* HomeMapController.m in Sources */,
				1425156315BD40A100607974 /* BaseController.m in Sources */,
				1453A55215BFC97800209D47 /* BoreController.m in Sources */,
				1453A55515BFD0A900209D47 /* AboutController.m in Sources */,
			);
			runOnlyForDeploymentPostprocessing = 0;
		};
/* End PBXSourcesBuildPhase section */

/* Begin PBXVariantGroup section */
		14AA4765155B665A009324FD /* InfoPlist.strings */ = {
			isa = PBXVariantGroup;
			children = (
				14AA4766155B665A009324FD /* en */,
			);
			name = InfoPlist.strings;
			sourceTree = "<group>";
		};
/* End PBXVariantGroup section */

/* Begin XCBuildConfiguration section */
		14AA4774155B665A009324FD /* Debug */ = {
			isa = XCBuildConfiguration;
			buildSettings = {
				ALWAYS_SEARCH_USER_PATHS = NO;
				ARCHS = "$(ARCHS_STANDARD_32_BIT)";
				CLANG_ENABLE_OBJC_ARC = NO;
				"CODE_SIGN_IDENTITY[sdk=iphoneos*]" = "iPhone Developer";
				COPY_PHASE_STRIP = NO;
				GCC_C_LANGUAGE_STANDARD = gnu99;
				GCC_DYNAMIC_NO_PIC = NO;
				GCC_OPTIMIZATION_LEVEL = 0;
				GCC_PREPROCESSOR_DEFINITIONS = (
					"DEBUG=1",
					"$(inherited)",
				);
				GCC_SYMBOLS_PRIVATE_EXTERN = NO;
				GCC_VERSION = com.apple.compilers.llvm.clang.1_0;
				GCC_WARN_ABOUT_RETURN_TYPE = YES;
				GCC_WARN_UNINITIALIZED_AUTOS = YES;
				GCC_WARN_UNUSED_VARIABLE = YES;
				IPHONEOS_DEPLOYMENT_TARGET = 4.3;
				OTHER_LDFLAGS = (
					"-ObjC",
					"-fobjc-arc",
					"-all_load",
				);
				SDKROOT = iphoneos;
				USER_HEADER_SEARCH_PATHS = "";
			};
			name = Debug;
		};
		14AA4775155B665A009324FD /* Release */ = {
			isa = XCBuildConfiguration;
			buildSettings = {
				ALWAYS_SEARCH_USER_PATHS = NO;
				ARCHS = "$(ARCHS_STANDARD_32_BIT)";
				CLANG_ENABLE_OBJC_ARC = NO;
				"CODE_SIGN_IDENTITY[sdk=iphoneos*]" = "iPhone Developer";
				COPY_PHASE_STRIP = YES;
				GCC_C_LANGUAGE_STANDARD = gnu99;
				GCC_VERSION = com.apple.compilers.llvm.clang.1_0;
				GCC_WARN_ABOUT_RETURN_TYPE = YES;
				GCC_WARN_UNINITIALIZED_AUTOS = YES;
				GCC_WARN_UNUSED_VARIABLE = YES;
				IPHONEOS_DEPLOYMENT_TARGET = 4.3;
				OTHER_CFLAGS = "-DNS_BLOCK_ASSERTIONS=1";
				OTHER_LDFLAGS = (
					"-ObjC",
					"-fobjc-arc",
					"-all_load",
				);
				SDKROOT = iphoneos;
				USER_HEADER_SEARCH_PATHS = "";
				VALIDATE_PRODUCT = YES;
			};
			name = Release;
		};
		14AA4777155B665A009324FD /* Debug */ = {
			isa = XCBuildConfiguration;
			buildSettings = {
				CLANG_ENABLE_OBJC_ARC = YES;
				FRAMEWORK_SEARCH_PATHS = (
					"$(inherited)",
					"\"$(SYSTEM_APPS_DIR)/Xcode.app/Contents/Developer/Library/Frameworks\"",
				);
				GCC_PRECOMPILE_PREFIX_HEADER = YES;
				GCC_PREFIX_HEADER = "cmoon/cmoon-Prefix.pch";
				INFOPLIST_FILE = "cmoon/cmoon-Info.plist";
				IPHONEOS_DEPLOYMENT_TARGET = 5.0;
				OTHER_LDFLAGS = (
					"-ObjC",
					"-fobjc-arc",
				);
				PRODUCT_NAME = "$(TARGET_NAME)";
				USER_HEADER_SEARCH_PATHS = "";
				WRAPPER_EXTENSION = app;
			};
			name = Debug;
		};
		14AA4778155B665A009324FD /* Release */ = {
			isa = XCBuildConfiguration;
			buildSettings = {
				CLANG_ENABLE_OBJC_ARC = YES;
				FRAMEWORK_SEARCH_PATHS = (
					"$(inherited)",
					"\"$(SYSTEM_APPS_DIR)/Xcode.app/Contents/Developer/Library/Frameworks\"",
				);
				GCC_PRECOMPILE_PREFIX_HEADER = YES;
				GCC_PREFIX_HEADER = "cmoon/cmoon-Prefix.pch";
				INFOPLIST_FILE = "cmoon/cmoon-Info.plist";
				IPHONEOS_DEPLOYMENT_TARGET = 5.0;
				OTHER_LDFLAGS = (
					"-ObjC",
					"-fobjc-arc",
				);
				PRODUCT_NAME = "$(TARGET_NAME)";
				USER_HEADER_SEARCH_PATHS = "";
				WRAPPER_EXTENSION = app;
			};
			name = Release;
		};
/* End XCBuildConfiguration section */

/* Begin XCConfigurationList section */
		14AA4752155B665A009324FD /* Build configuration list for PBXProject "cmoon" */ = {
			isa = XCConfigurationList;
			buildConfigurations = (
				14AA4774155B665A009324FD /* Debug */,
				14AA4775155B665A009324FD /* Release */,
			);
			defaultConfigurationIsVisible = 0;
			defaultConfigurationName = Release;
		};
		14AA4776155B665A009324FD /* Build configuration list for PBXNativeTarget "cmoon" */ = {
			isa = XCConfigurationList;
			buildConfigurations = (
				14AA4777155B665A009324FD /* Debug */,
				14AA4778155B665A009324FD /* Release */,
			);
			defaultConfigurationIsVisible = 0;
			defaultConfigurationName = Release;
		};
/* End XCConfigurationList section */
	};
	rootObject = 14AA474F155B665A009324FD /* Project object */;
}
